# This file is automatically @generated by Cargo.
# It is not intended for manual editing.
version = 4

[[package]]
name = "cranelift-bitset"
version = "0.120.0"
source = "registry+https://github.com/rust-lang/crates.io-index"
checksum = "56323783e423818fa89ce8078e90a3913d2a6e0810399bfce8ebd7ee87baa81f"

[[package]]
name = "cranelift-entity"
version = "0.120.0"
source = "registry+https://github.com/rust-lang/crates.io-index"
checksum = "ca6fa9bae1c8de26d71ac2162f069447610fd91e7780cb480ee0d76ac81eabb8"
dependencies = [
 "cranelift-bitset",
]

[[package]]
name = "rvsdg"
version = "0.1.0"
dependencies = [
 "cranelift-entity",
 "xmlwriter",
]

[[package]]
name = "xmlwriter"
version = "0.1.0"
source = "registry+https://github.com/rust-lang/crates.io-index"
checksum = "ec7a2a501ed189703dba8b08142f057e887dfc4b2cc4db2d343ac6376ba3e0b9"
